// !$*UTF8*$!
{
	archiveVersion = 1;
	classes = {
	};
	objectVersion = 50;
	objects = {

/* Begin PBXBuildFile section */
		1A035EFEB9E7400AC5524A57 /* Pods_Example.framework in Frameworks */ = {isa = PBXBuildFile; fileRef = EBB5E2BE3566EFCA2A4C6581 /* Pods_Example.framework */; };
		A90544BE22C8DA4100396728 /* AppDelegate.m in Sources */ = {isa = PBXBuildFile; fileRef = A90544BD22C8DA4100396728 /* AppDelegate.m */; };
		A90544C122C8DA4100396728 /* ViewController.m in Sources */ = {isa = PBXBuildFile; fileRef = A90544C022C8DA4100396728 /* ViewController.m */; };
		A90544C422C8DA4100396728 /* Main.storyboard in Resources */ = {isa = PBXBuildFile; fileRef = A90544C222C8DA4100396728 /* Main.storyboard */; };
		A90544C622C8DA4100396728 /* Assets.xcassets in Resources */ = {isa = PBXBuildFile; fileRef = A90544C522C8DA4100396728 /* Assets.xcassets */; };
		A90544C922C8DA4100396728 /* LaunchScreen.storyboard in Resources */ = {isa = PBXBuildFile; fileRef = A90544C722C8DA4100396728 /* LaunchScreen.storyboard */; };
		A90544CC22C8DA4100396728 /* main.m in Sources */ = {isa = PBXBuildFile; fileRef = A90544CB22C8DA4100396728 /* main.m */; };
		A90544D622C8DA4200396728 /* ExampleTests.m in Sources */ = {isa = PBXBuildFile; fileRef = A90544D522C8DA4200396728 /* ExampleTests.m */; };
		A90544E122C8DA4200396728 /* ExampleUITests.m in Sources */ = {isa = PBXBuildFile; fileRef = A90544E022C8DA4200396728 /* ExampleUITests.m */; };
		A90544EF22C8E0FE00396728 /* LibraryClass.podspec in Resources */ = {isa = PBXBuildFile; fileRef = A90544EE22C8E0FE00396728 /* LibraryClass.podspec */; };
		A905457922C9BCC800396728 /* YZAuthID.m in Sources */ = {isa = PBXBuildFile; fileRef = A905457322C9BCC800396728 /* YZAuthID.m */; };
		A905457A22C9BCC800396728 /* YJProgressHUD.m in Sources */ = {isa = PBXBuildFile; fileRef = A905457622C9BCC800396728 /* YJProgressHUD.m */; };
		A905457B22C9BCC800396728 /* images.bundle in Resources */ = {isa = PBXBuildFile; fileRef = A905457722C9BCC800396728 /* images.bundle */; };
		A905458722C9C29C00396728 /* gesture_headIcon@2x.png in Resources */ = {isa = PBXBuildFile; fileRef = A905457C22C9C29B00396728 /* gesture_headIcon@2x.png */; };
		A905458822C9C29C00396728 /* selective gestures@3x.png in Resources */ = {isa = PBXBuildFile; fileRef = A905457D22C9C29B00396728 /* selective gestures@3x.png */; };
		A905458922C9C29C00396728 /* gesture_indicator_normal@2x.png in Resources */ = {isa = PBXBuildFile; fileRef = A905457E22C9C29B00396728 /* gesture_indicator_normal@2x.png */; };
		A905458A22C9C29C00396728 /* selective gestures@2x.png in Resources */ = {isa = PBXBuildFile; fileRef = A905457F22C9C29B00396728 /* selective gestures@2x.png */; };
		A905458B22C9C29C00396728 /* gesture.png in Resources */ = {isa = PBXBuildFile; fileRef = A905458022C9C29B00396728 /* gesture.png */; };
		A905458C22C9C29C00396728 /* selective gestures.png in Resources */ = {isa = PBXBuildFile; fileRef = A905458122C9C29C00396728 /* selective gestures.png */; };
		A905458D22C9C29C00396728 /* gesture_normal@2x.png in Resources */ = {isa = PBXBuildFile; fileRef = A905458222C9C29C00396728 /* gesture_normal@2x.png */; };
		A905458E22C9C29C00396728 /* gesture@3x.png in Resources */ = {isa = PBXBuildFile; fileRef = A905458322C9C29C00396728 /* gesture@3x.png */; };
		A905458F22C9C29C00396728 /* gesture_selected@2x.png in Resources */ = {isa = PBXBuildFile; fileRef = A905458422C9C29C00396728 /* gesture_selected@2x.png */; };
		A905459022C9C29C00396728 /* gesture@2x.png in Resources */ = {isa = PBXBuildFile; fileRef = A905458522C9C29C00396728 /* gesture@2x.png */; };
		A905459122C9C29C00396728 /* gesture_indicator_selected@2x.png in Resources */ = {isa = PBXBuildFile; fileRef = A905458622C9C29C00396728 /* gesture_indicator_selected@2x.png */; };
/* End PBXBuildFile section */

/* Begin PBXContainerItemProxy section */
		A90544D222C8DA4200396728 /* PBXContainerItemProxy */ = {
			isa = PBXContainerItemProxy;
			containerPortal = A90544B122C8DA4000396728 /* Project object */;
			proxyType = 1;
			remoteGlobalIDString = A90544B822C8DA4100396728;
			remoteInfo = Example;
		};
		A90544DD22C8DA4200396728 /* PBXContainerItemProxy */ = {
			isa = PBXContainerItemProxy;
			containerPortal = A90544B122C8DA4000396728 /* Project object */;
			proxyType = 1;
			remoteGlobalIDString = A90544B822C8DA4100396728;
			remoteInfo = Example;
		};
/* End PBXContainerItemProxy section */

/* Begin PBXFileReference section */
		9B25BD41E6AC7B5890AB05D1 /* Pods-Example.release.xcconfig */ = {isa = PBXFileReference; includeInIndex = 1; lastKnownFileType = text.xcconfig; name = "Pods-Example.release.xcconfig"; path = "Pods/Target Support Files/Pods-Example/Pods-Example.release.xcconfig"; sourceTree = "<group>"; };
		A90544B922C8DA4100396728 /* Example.app */ = {isa = PBXFileReference; explicitFileType = wrapper.application; includeInIndex = 0; path = Example.app; sourceTree = BUILT_PRODUCTS_DIR; };
		A90544BC22C8DA4100396728 /* AppDelegate.h */ = {isa = PBXFileReference; lastKnownFileType = sourcecode.c.h; path = AppDelegate.h; sourceTree = "<group>"; };
		A90544BD22C8DA4100396728 /* AppDelegate.m */ = {isa = PBXFileReference; lastKnownFileType = sourcecode.c.objc; path = AppDelegate.m; sourceTree = "<group>"; };
		A90544BF22C8DA4100396728 /* ViewController.h */ = {isa = PBXFileReference; lastKnownFileType = sourcecode.c.h; path = ViewController.h; sourceTree = "<group>"; };
		A90544C022C8DA4100396728 /* ViewController.m */ = {isa = PBXFileReference; lastKnownFileType = sourcecode.c.objc; path = ViewController.m; sourceTree = "<group>"; };
		A90544C322C8DA4100396728 /* Base */ = {isa = PBXFileReference; lastKnownFileType = file.storyboard; name = Base; path = Base.lproj/Main.storyboard; sourceTree = "<group>"; };
		A90544C522C8DA4100396728 /* Assets.xcassets */ = {isa = PBXFileReference; lastKnownFileType = folder.assetcatalog; path = Assets.xcassets; sourceTree = "<group>"; };
		A90544C822C8DA4100396728 /* Base */ = {isa = PBXFileReference; lastKnownFileType = file.storyboard; name = Base; path = Base.lproj/LaunchScreen.storyboard; sourceTree = "<group>"; };
		A90544CA22C8DA4100396728 /* Info.plist */ = {isa = PBXFileReference; lastKnownFileType = text.plist.xml; path = Info.plist; sourceTree = "<group>"; };
		A90544CB22C8DA4100396728 /* main.m */ = {isa = PBXFileReference; lastKnownFileType = sourcecode.c.objc; path = main.m; sourceTree = "<group>"; };
		A90544D122C8DA4200396728 /* ExampleTests.xctest */ = {isa = PBXFileReference; explicitFileType = wrapper.cfbundle; includeInIndex = 0; path = ExampleTests.xctest; sourceTree = BUILT_PRODUCTS_DIR; };
		A90544D522C8DA4200396728 /* ExampleTests.m */ = {isa = PBXFileReference; lastKnownFileType = sourcecode.c.objc; path = ExampleTests.m; sourceTree = "<group>"; };
		A90544D722C8DA4200396728 /* Info.plist */ = {isa = PBXFileReference; lastKnownFileType = text.plist.xml; path = Info.plist; sourceTree = "<group>"; };
		A90544DC22C8DA4200396728 /* ExampleUITests.xctest */ = {isa = PBXFileReference; explicitFileType = wrapper.cfbundle; includeInIndex = 0; path = ExampleUITests.xctest; sourceTree = BUILT_PRODUCTS_DIR; };
		A90544E022C8DA4200396728 /* ExampleUITests.m */ = {isa = PBXFileReference; lastKnownFileType = sourcecode.c.objc; path = ExampleUITests.m; sourceTree = "<group>"; };
		A90544E222C8DA4200396728 /* Info.plist */ = {isa = PBXFileReference; lastKnownFileType = text.plist.xml; path = Info.plist; sourceTree = "<group>"; };
		A90544EE22C8E0FE00396728 /* LibraryClass.podspec */ = {isa = PBXFileReference; fileEncoding = 4; lastKnownFileType = text; path = LibraryClass.podspec; sourceTree = SOURCE_ROOT; };
		A905457322C9BCC800396728 /* YZAuthID.m */ = {isa = PBXFileReference; fileEncoding = 4; lastKnownFileType = sourcecode.c.objc; path = YZAuthID.m; sourceTree = "<group>"; };
		A905457422C9BCC800396728 /* YZAuthID.h */ = {isa = PBXFileReference; fileEncoding = 4; lastKnownFileType = sourcecode.c.h; path = YZAuthID.h; sourceTree = "<group>"; };
		A905457622C9BCC800396728 /* YJProgressHUD.m */ = {isa = PBXFileReference; fileEncoding = 4; lastKnownFileType = sourcecode.c.objc; path = YJProgressHUD.m; sourceTree = "<group>"; };
		A905457722C9BCC800396728 /* images.bundle */ = {isa = PBXFileReference; lastKnownFileType = "wrapper.plug-in"; path = images.bundle; sourceTree = "<group>"; };
		A905457822C9BCC800396728 /* YJProgressHUD.h */ = {isa = PBXFileReference; fileEncoding = 4; lastKnownFileType = sourcecode.c.h; path = YJProgressHUD.h; sourceTree = "<group>"; };
		A905457C22C9C29B00396728 /* gesture_headIcon@2x.png */ = {isa = PBXFileReference; lastKnownFileType = image.png; path = "gesture_headIcon@2x.png"; sourceTree = "<group>"; };
		A905457D22C9C29B00396728 /* selective gestures@3x.png */ = {isa = PBXFileReference; lastKnownFileType = image.png; path = "selective gestures@3x.png"; sourceTree = "<group>"; };
		A905457E22C9C29B00396728 /* gesture_indicator_normal@2x.png */ = {isa = PBXFileReference; lastKnownFileType = image.png; path = "gesture_indicator_normal@2x.png"; sourceTree = "<group>"; };
		A905457F22C9C29B00396728 /* selective gestures@2x.png */ = {isa = PBXFileReference; lastKnownFileType = image.png; path = "selective gestures@2x.png"; sourceTree = "<group>"; };
		A905458022C9C29B00396728 /* gesture.png */ = {isa = PBXFileReference; lastKnownFileType = image.png; path = gesture.png; sourceTree = "<group>"; };
		A905458122C9C29C00396728 /* selective gestures.png */ = {isa = PBXFileReference; lastKnownFileType = image.png; path = "selective gestures.png"; sourceTree = "<group>"; };
		A905458222C9C29C00396728 /* gesture_normal@2x.png */ = {isa = PBXFileReference; lastKnownFileType = image.png; path = "gesture_normal@2x.png"; sourceTree = "<group>"; };
		A905458322C9C29C00396728 /* gesture@3x.png */ = {isa = PBXFileReference; lastKnownFileType = image.png; path = "gesture@3x.png"; sourceTree = "<group>"; };
		A905458422C9C29C00396728 /* gesture_selected@2x.png */ = {isa = PBXFileReference; lastKnownFileType = image.png; path = "gesture_selected@2x.png"; sourceTree = "<group>"; };
		A905458522C9C29C00396728 /* gesture@2x.png */ = {isa = PBXFileReference; lastKnownFileType = image.png; path = "gesture@2x.png"; sourceTree = "<group>"; };
		A905458622C9C29C00396728 /* gesture_indicator_selected@2x.png */ = {isa = PBXFileReference; lastKnownFileType = image.png; path = "gesture_indicator_selected@2x.png"; sourceTree = "<group>"; };
		EBB5E2BE3566EFCA2A4C6581 /* Pods_Example.framework */ = {isa = PBXFileReference; explicitFileType = wrapper.framework; includeInIndex = 0; path = Pods_Example.framework; sourceTree = BUILT_PRODUCTS_DIR; };
		EF1696955440402EA77BD836 /* Pods-Example.debug.xcconfig */ = {isa = PBXFileReference; includeInIndex = 1; lastKnownFileType = text.xcconfig; name = "Pods-Example.debug.xcconfig"; path = "Pods/Target Support Files/Pods-Example/Pods-Example.debug.xcconfig"; sourceTree = "<group>"; };
/* End PBXFileReference section */

/* Begin PBXFrameworksBuildPhase section */
		A90544B622C8DA4100396728 /* Frameworks */ = {
			isa = PBXFrameworksBuildPhase;
			buildActionMask = 2147483647;
			files = (
				1A035EFEB9E7400AC5524A57 /* Pods_Example.framework in Frameworks */,
			);
			runOnlyForDeploymentPostprocessing = 0;
		};
		A90544CE22C8DA4200396728 /* Frameworks */ = {
			isa = PBXFrameworksBuildPhase;
			buildActionMask = 2147483647;
			files = (
			);
			runOnlyForDeploymentPostprocessing = 0;
		};
		A90544D922C8DA4200396728 /* Frameworks */ = {
			isa = PBXFrameworksBuildPhase;
			buildActionMask = 2147483647;
			files = (
			);
			runOnlyForDeploymentPostprocessing = 0;
		};
/* End PBXFrameworksBuildPhase section */

/* Begin PBXGroup section */
		928321E27D5403B08909E557 /* Frameworks */ = {
			isa = PBXGroup;
			children = (
				EBB5E2BE3566EFCA2A4C6581 /* Pods_Example.framework */,
			);
			name = Frameworks;
			sourceTree = "<group>";
		};
		A90544B022C8DA4000396728 = {
			isa = PBXGroup;
			children = (
				A90544BB22C8DA4100396728 /* Example */,
				A90544D422C8DA4200396728 /* ExampleTests */,
				A90544DF22C8DA4200396728 /* ExampleUITests */,
				A90544BA22C8DA4100396728 /* Products */,
				AC95FC809F4CA3F642FC7238 /* Pods */,
				928321E27D5403B08909E557 /* Frameworks */,
			);
			sourceTree = "<group>";
		};
		A90544BA22C8DA4100396728 /* Products */ = {
			isa = PBXGroup;
			children = (
				A90544B922C8DA4100396728 /* Example.app */,
				A90544D122C8DA4200396728 /* ExampleTests.xctest */,
				A90544DC22C8DA4200396728 /* ExampleUITests.xctest */,
			);
			name = Products;
			sourceTree = "<group>";
		};
		A90544BB22C8DA4100396728 /* Example */ = {
			isa = PBXGroup;
			children = (
				A90544F022C9986A00396728 /* LibraryClass */,
				A90544EE22C8E0FE00396728 /* LibraryClass.podspec */,
				A90544BC22C8DA4100396728 /* AppDelegate.h */,
				A90544BD22C8DA4100396728 /* AppDelegate.m */,
				A90544BF22C8DA4100396728 /* ViewController.h */,
				A90544C022C8DA4100396728 /* ViewController.m */,
				A90544C222C8DA4100396728 /* Main.storyboard */,
				A90544C722C8DA4100396728 /* LaunchScreen.storyboard */,
				A90544CA22C8DA4100396728 /* Info.plist */,
				A90544CB22C8DA4100396728 /* main.m */,
			);
			path = Example;
			sourceTree = "<group>";
		};
		A90544D422C8DA4200396728 /* ExampleTests */ = {
			isa = PBXGroup;
			children = (
				A90544D522C8DA4200396728 /* ExampleTests.m */,
				A90544D722C8DA4200396728 /* Info.plist */,
			);
			path = ExampleTests;
			sourceTree = "<group>";
		};
		A90544DF22C8DA4200396728 /* ExampleUITests */ = {
			isa = PBXGroup;
			children = (
				A90544E022C8DA4200396728 /* ExampleUITests.m */,
				A90544E222C8DA4200396728 /* Info.plist */,
			);
			path = ExampleUITests;
			sourceTree = "<group>";
		};
		A90544F022C9986A00396728 /* LibraryClass */ = {
			isa = PBXGroup;
			children = (
				A905457522C9BCC800396728 /* HUD_module */,
				A905457222C9BCC800396728 /* PayID */,
				A905456F22C9BA6C00396728 /* Asstes */,
			);
			path = LibraryClass;
			sourceTree = SOURCE_ROOT;
		};
		A905456F22C9BA6C00396728 /* Asstes */ = {
			isa = PBXGroup;
			children = (
				A90544C522C8DA4100396728 /* Assets.xcassets */,
			);
			path = Asstes;
			sourceTree = "<group>";
		};
		A905457222C9BCC800396728 /* PayID */ = {
			isa = PBXGroup;
			children = (
				A905459222C9CB2300396728 /* Asstes */,
				A905457322C9BCC800396728 /* YZAuthID.m */,
				A905457422C9BCC800396728 /* YZAuthID.h */,
			);
			path = PayID;
			sourceTree = "<group>";
		};
		A905457522C9BCC800396728 /* HUD_module */ = {
			isa = PBXGroup;
			children = (
				A905457622C9BCC800396728 /* YJProgressHUD.m */,
				A905457722C9BCC800396728 /* images.bundle */,
				A905457822C9BCC800396728 /* YJProgressHUD.h */,
			);
			path = HUD_module;
			sourceTree = "<group>";
		};
		A905459222C9CB2300396728 /* Asstes */ = {
			isa = PBXGroup;
			children = (
				A905458122C9C29C00396728 /* selective gestures.png */,
				A905457F22C9C29B00396728 /* selective gestures@2x.png */,
				A905457D22C9C29B00396728 /* selective gestures@3x.png */,
				A905458022C9C29B00396728 /* gesture.png */,
				A905458522C9C29C00396728 /* gesture@2x.png */,
				A905458322C9C29C00396728 /* gesture@3x.png */,
				A905458422C9C29C00396728 /* gesture_selected@2x.png */,
				A905458222C9C29C00396728 /* gesture_normal@2x.png */,
				A905458622C9C29C00396728 /* gesture_indicator_selected@2x.png */,
				A905457E22C9C29B00396728 /* gesture_indicator_normal@2x.png */,
				A905457C22C9C29B00396728 /* gesture_headIcon@2x.png */,
			);
			path = Asstes;
			sourceTree = "<group>";
		};
		AC95FC809F4CA3F642FC7238 /* Pods */ = {
			isa = PBXGroup;
			children = (
				EF1696955440402EA77BD836 /* Pods-Example.debug.xcconfig */,
				9B25BD41E6AC7B5890AB05D1 /* Pods-Example.release.xcconfig */,
			);
			name = Pods;
			sourceTree = "<group>";
		};
/* End PBXGroup section */

/* Begin PBXNativeTarget section */
		A90544B822C8DA4100396728 /* Example */ = {
			isa = PBXNativeTarget;
			buildConfigurationList = A90544E522C8DA4200396728 /* Build configuration list for PBXNativeTarget "Example" */;
			buildPhases = (
				312D9CC4A616981F6B9DF1B5 /* [CP] Check Pods Manifest.lock */,
				A90544B522C8DA4100396728 /* Sources */,
				A90544B622C8DA4100396728 /* Frameworks */,
				A90544B722C8DA4100396728 /* Resources */,
				4FD252B9A7D93784C482E05D /* [CP] Embed Pods Frameworks */,
			);
			buildRules = (
			);
			dependencies = (
			);
			name = Example;
			productName = Example;
			productReference = A90544B922C8DA4100396728 /* Example.app */;
			productType = "com.apple.product-type.application";
		};
		A90544D022C8DA4200396728 /* ExampleTests */ = {
			isa = PBXNativeTarget;
			buildConfigurationList = A90544E822C8DA4200396728 /* Build configuration list for PBXNativeTarget "ExampleTests" */;
			buildPhases = (
				A90544CD22C8DA4200396728 /* Sources */,
				A90544CE22C8DA4200396728 /* Frameworks */,
				A90544CF22C8DA4200396728 /* Resources */,
			);
			buildRules = (
			);
			dependencies = (
				A90544D322C8DA4200396728 /* PBXTargetDependency */,
			);
			name = ExampleTests;
			productName = ExampleTests;
			productReference = A90544D122C8DA4200396728 /* ExampleTests.xctest */;
			productType = "com.apple.product-type.bundle.unit-test";
		};
		A90544DB22C8DA4200396728 /* ExampleUITests */ = {
			isa = PBXNativeTarget;
			buildConfigurationList = A90544EB22C8DA4200396728 /* Build configuration list for PBXNativeTarget "ExampleUITests" */;
			buildPhases = (
				A90544D822C8DA4200396728 /* Sources */,
				A90544D922C8DA4200396728 /* Frameworks */,
				A90544DA22C8DA4200396728 /* Resources */,
			);
			buildRules = (
			);
			dependencies = (
				A90544DE22C8DA4200396728 /* PBXTargetDependency */,
			);
			name = ExampleUITests;
			productName = ExampleUITests;
			productReference = A90544DC22C8DA4200396728 /* ExampleUITests.xctest */;
			productType = "com.apple.product-type.bundle.ui-testing";
		};
/* End PBXNativeTarget section */

/* Begin PBXProject section */
		A90544B122C8DA4000396728 /* Project object */ = {
			isa = PBXProject;
			attributes = {
				LastUpgradeCheck = 1010;
				ORGANIZATIONNAME = Bill;
				TargetAttributes = {
					A90544B822C8DA4100396728 = {
						CreatedOnToolsVersion = 10.1;
					};
					A90544D022C8DA4200396728 = {
						CreatedOnToolsVersion = 10.1;
						TestTargetID = A90544B822C8DA4100396728;
					};
					A90544DB22C8DA4200396728 = {
						CreatedOnToolsVersion = 10.1;
						TestTargetID = A90544B822C8DA4100396728;
					};
				};
			};
			buildConfigurationList = A90544B422C8DA4000396728 /* Build configuration list for PBXProject "Example" */;
			compatibilityVersion = "Xcode 9.3";
			developmentRegion = en;
			hasScannedForEncodings = 0;
			knownRegions = (
				en,
				Base,
			);
			mainGroup = A90544B022C8DA4000396728;
			productRefGroup = A90544BA22C8DA4100396728 /* Products */;
			projectDirPath = "";
			projectRoot = "";
			targets = (
				A90544B822C8DA4100396728 /* Example */,
				A90544D022C8DA4200396728 /* ExampleTests */,
				A90544DB22C8DA4200396728 /* ExampleUITests */,
			);
		};
/* End PBXProject section */

/* Begin PBXResourcesBuildPhase section */
		A90544B722C8DA4100396728 /* Resources */ = {
			isa = PBXResourcesBuildPhase;
			buildActionMask = 2147483647;
			files = (
				A905457B22C9BCC800396728 /* images.bundle in Resources */,
				A905458E22C9C29C00396728 /* gesture@3x.png in Resources */,
				A905459022C9C29C00396728 /* gesture@2x.png in Resources */,
				A905459122C9C29C00396728 /* gesture_indicator_selected@2x.png in Resources */,
				A905458B22C9C29C00396728 /* gesture.png in Resources */,
				A90544C922C8DA4100396728 /* LaunchScreen.storyboard in Resources */,
				A905458A22C9C29C00396728 /* selective gestures@2x.png in Resources */,
				A90544C622C8DA4100396728 /* Assets.xcassets in Resources */,
				A905458822C9C29C00396728 /* selective gestures@3x.png in Resources */,
				A905458722C9C29C00396728 /* gesture_headIcon@2x.png in Resources */,
				A90544C422C8DA4100396728 /* Main.storyboard in Resources */,
				A90544EF22C8E0FE00396728 /* LibraryClass.podspec in Resources */,
				A905458D22C9C29C00396728 /* gesture_normal@2x.png in Resources */,
				A905458C22C9C29C00396728 /* selective gestures.png in Resources */,
				A905458922C9C29C00396728 /* gesture_indicator_normal@2x.png in Resources */,
				A905458F22C9C29C00396728 /* gesture_selected@2x.png in Resources */,
			);
			runOnlyForDeploymentPostprocessing = 0;
		};
		A90544CF22C8DA4200396728 /* Resources */ = {
			isa = PBXResourcesBuildPhase;
			buildActionMask = 2147483647;
			files = (
			);
			runOnlyForDeploymentPostprocessing = 0;
		};
		A90544DA22C8DA4200396728 /* Resources */ = {
			isa = PBXResourcesBuildPhase;
			buildActionMask = 2147483647;
			files = (
			);
			runOnlyForDeploymentPostprocessing = 0;
		};
/* End PBXResourcesBuildPhase section */

/* Begin PBXShellScriptBuildPhase section */
		312D9CC4A616981F6B9DF1B5 /* [CP] Check Pods Manifest.lock */ = {
			isa = PBXShellScriptBuildPhase;
			buildActionMask = 2147483647;
			files = (
			);
			inputPaths = (
				"${PODS_PODFILE_DIR_PATH}/Podfile.lock",
				"${PODS_ROOT}/Manifest.lock",
			);
			name = "[CP] Check Pods Manifest.lock";
			outputPaths = (
				"$(DERIVED_FILE_DIR)/Pods-Example-checkManifestLockResult.txt",
			);
			runOnlyForDeploymentPostprocessing = 0;
			shellPath = /bin/sh;
			shellScript = "diff \"${PODS_PODFILE_DIR_PATH}/Podfile.lock\" \"${PODS_ROOT}/Manifest.lock\" > /dev/null\nif [ $? != 0 ] ; then\n    # print error to STDERR\n    echo \"error: The sandbox is not in sync with the Podfile.lock. Run 'pod install' or update your CocoaPods installation.\" >&2\n    exit 1\nfi\n# This output is used by Xcode 'outputs' to avoid re-running this script phase.\necho \"SUCCESS\" > \"${SCRIPT_OUTPUT_FILE_0}\"\n";
			showEnvVarsInLog = 0;
		};
		4FD252B9A7D93784C482E05D /* [CP] Embed Pods Frameworks */ = {
			isa = PBXShellScriptBuildPhase;
			buildActionMask = 2147483647;
			files = (
			);
			inputPaths = (
				"${SRCROOT}/Pods/Target Support Files/Pods-Example/Pods-Example-frameworks.sh",
				"${BUILT_PRODUCTS_DIR}/LibraryClass/LibraryClass.framework",
				"${BUILT_PRODUCTS_DIR}/MBProgressHUD/MBProgressHUD.framework",
			);
			name = "[CP] Embed Pods Frameworks";
			outputPaths = (
				"${TARGET_BUILD_DIR}/${FRAMEWORKS_FOLDER_PATH}/LibraryClass.framework",
				"${TARGET_BUILD_DIR}/${FRAMEWORKS_FOLDER_PATH}/MBProgressHUD.framework",
			);
			runOnlyForDeploymentPostprocessing = 0;
			shellPath = /bin/sh;
			shellScript = "\"${SRCROOT}/Pods/Target Support Files/Pods-Example/Pods-Example-frameworks.sh\"\n";
			showEnvVarsInLog = 0;
		};
/* End PBXShellScriptBuildPhase section */

/* Begin PBXSourcesBuildPhase section */
		A90544B522C8DA4100396728 /* Sources */ = {
			isa = PBXSourcesBuildPhase;
			buildActionMask = 2147483647;
			files = (
				A90544C122C8DA4100396728 /* ViewController.m in Sources */,
				A905457A22C9BCC800396728 /* YJProgressHUD.m in Sources */,
				A90544CC22C8DA4100396728 /* main.m in Sources */,
				A90544BE22C8DA4100396728 /* AppDelegate.m in Sources */,
				A905457922C9BCC800396728 /* YZAuthID.m in Sources */,
			);
			runOnlyForDeploymentPostprocessing = 0;
		};
		A90544CD22C8DA4200396728 /* Sources */ = {
			isa = PBXSourcesBuildPhase;
			buildActionMask = 2147483647;
			files = (
				A90544D622C8DA4200396728 /* ExampleTests.m in Sources */,
			);
			runOnlyForDeploymentPostprocessing = 0;
		};
		A90544D822C8DA4200396728 /* Sources */ = {
			isa = PBXSourcesBuildPhase;
			buildActionMask = 2147483647;
			files = (
				A90544E122C8DA4200396728 /* ExampleUITests.m in Sources */,
			);
			runOnlyForDeploymentPostprocessing = 0;
		};
/* End PBXSourcesBuildPhase section */

/* Begin PBXTargetDependency section */
		A90544D322C8DA4200396728 /* PBXTargetDependency */ = {
			isa = PBXTargetDependency;
			target = A90544B822C8DA4100396728 /* Example */;
			targetProxy = A90544D222C8DA4200396728 /* PBXContainerItemProxy */;
		};
		A90544DE22C8DA4200396728 /* PBXTargetDependency */ = {
			isa = PBXTargetDependency;
			target = A90544B822C8DA4100396728 /* Example */;
			targetProxy = A90544DD22C8DA4200396728 /* PBXContainerItemProxy */;
		};
/* End PBXTargetDependency section */

/* Begin PBXVariantGroup section */
		A90544C222C8DA4100396728 /* Main.storyboard */ = {
			isa = PBXVariantGroup;
			children = (
				A90544C322C8DA4100396728 /* Base */,
			);
			name = Main.storyboard;
			sourceTree = "<group>";
		};
		A90544C722C8DA4100396728 /* LaunchScreen.storyboard */ = {
			isa = PBXVariantGroup;
			children = (
				A90544C822C8DA4100396728 /* Base */,
			);
			name = LaunchScreen.storyboard;
			sourceTree = "<group>";
		};
/* End PBXVariantGroup section */

/* Begin XCBuildConfiguration section */
		A90544E322C8DA4200396728 /* Debug */ = {
			isa = XCBuildConfiguration;
			buildSettings = {
				ALWAYS_SEARCH_USER_PATHS = NO;
				CLANG_ANALYZER_NONNULL = YES;
				CLANG_ANALYZER_NUMBER_OBJECT_CONVERSION = YES_AGGRESSIVE;
				CLANG_CXX_LANGUAGE_STANDARD = "gnu++14";
				CLANG_CXX_LIBRARY = "libc++";
				CLANG_ENABLE_MODULES = YES;
				CLANG_ENABLE_OBJC_ARC = YES;
				CLANG_ENABLE_OBJC_WEAK = YES;
				CLANG_WARN_BLOCK_CAPTURE_AUTORELEASING = YES;
				CLANG_WARN_BOOL_CONVERSION = YES;
				CLANG_WARN_COMMA = YES;
				CLANG_WARN_CONSTANT_CONVERSION = YES;
				CLANG_WARN_DEPRECATED_OBJC_IMPLEMENTATIONS = YES;
				CLANG_WARN_DIRECT_OBJC_ISA_USAGE = YES_ERROR;
				CLANG_WARN_DOCUMENTATION_COMMENTS = YES;
				CLANG_WARN_EMPTY_BODY = YES;
				CLANG_WARN_ENUM_CONVERSION = YES;
				CLANG_WARN_INFINITE_RECURSION = YES;
				CLANG_WARN_INT_CONVERSION = YES;
				CLANG_WARN_NON_LITERAL_NULL_CONVERSION = YES;
				CLANG_WARN_OBJC_IMPLICIT_RETAIN_SELF = YES;
				CLANG_WARN_OBJC_LITERAL_CONVERSION = YES;
				CLANG_WARN_OBJC_ROOT_CLASS = YES_ERROR;
				CLANG_WARN_RANGE_LOOP_ANALYSIS = YES;
				CLANG_WARN_STRICT_PROTOTYPES = YES;
				CLANG_WARN_SUSPICIOUS_MOVE = YES;
				CLANG_WARN_UNGUARDED_AVAILABILITY = YES_AGGRESSIVE;
				CLANG_WARN_UNREACHABLE_CODE = YES;
				CLANG_WARN__DUPLICATE_METHOD_MATCH = YES;
				CODE_SIGN_IDENTITY = "iPhone Developer";
				COPY_PHASE_STRIP = NO;
				DEBUG_INFORMATION_FORMAT = dwarf;
				ENABLE_STRICT_OBJC_MSGSEND = YES;
				ENABLE_TESTABILITY = YES;
				GCC_C_LANGUAGE_STANDARD = gnu11;
				GCC_DYNAMIC_NO_PIC = NO;
				GCC_NO_COMMON_BLOCKS = YES;
				GCC_OPTIMIZATION_LEVEL = 0;
				GCC_PREPROCESSOR_DEFINITIONS = (
					"DEBUG=1",
					"$(inherited)",
				);
				GCC_WARN_64_TO_32_BIT_CONVERSION = YES;
				GCC_WARN_ABOUT_RETURN_TYPE = YES_ERROR;
				GCC_WARN_UNDECLARED_SELECTOR = YES;
				GCC_WARN_UNINITIALIZED_AUTOS = YES_AGGRESSIVE;
				GCC_WARN_UNUSED_FUNCTION = YES;
				GCC_WARN_UNUSED_VARIABLE = YES;
				IPHONEOS_DEPLOYMENT_TARGET = 12.1;
				MTL_ENABLE_DEBUG_INFO = INCLUDE_SOURCE;
				MTL_FAST_MATH = YES;
				ONLY_ACTIVE_ARCH = YES;
				SDKROOT = iphoneos;
			};
			name = Debug;
		};
		A90544E422C8DA4200396728 /* Release */ = {
			isa = XCBuildConfiguration;
			buildSettings = {
				ALWAYS_SEARCH_USER_PATHS = NO;
				CLANG_ANALYZER_NONNULL = YES;
				CLANG_ANALYZER_NUMBER_OBJECT_CONVERSION = YES_AGGRESSIVE;
				CLANG_CXX_LANGUAGE_STANDARD = "gnu++14";
				CLANG_CXX_LIBRARY = "libc++";
				CLANG_ENABLE_MODULES = YES;
				CLANG_ENABLE_OBJC_ARC = YES;
				CLANG_ENABLE_OBJC_WEAK = YES;
				CLANG_WARN_BLOCK_CAPTURE_AUTORELEASING = YES;
				CLANG_WARN_BOOL_CONVERSION = YES;
				CLANG_WARN_COMMA = YES;
				CLANG_WARN_CONSTANT_CONVERSION = YES;
				CLANG_WARN_DEPRECATED_OBJC_IMPLEMENTATIONS = YES;
				CLANG_WARN_DIRECT_OBJC_ISA_USAGE = YES_ERROR;
				CLANG_WARN_DOCUMENTATION_COMMENTS = YES;
				CLANG_WARN_EMPTY_BODY = YES;
				CLANG_WARN_ENUM_CONVERSION = YES;
				CLANG_WARN_INFINITE_RECURSION = YES;
				CLANG_WARN_INT_CONVERSION = YES;
				CLANG_WARN_NON_LITERAL_NULL_CONVERSION = YES;
				CLANG_WARN_OBJC_IMPLICIT_RETAIN_SELF = YES;
				CLANG_WARN_OBJC_LITERAL_CONVERSION = YES;
				CLANG_WARN_OBJC_ROOT_CLASS = YES_ERROR;
				CLANG_WARN_RANGE_LOOP_ANALYSIS = YES;
				CLANG_WARN_STRICT_PROTOTYPES = YES;
				CLANG_WARN_SUSPICIOUS_MOVE = YES;
				CLANG_WARN_UNGUARDED_AVAILABILITY = YES_AGGRESSIVE;
				CLANG_WARN_UNREACHABLE_CODE = YES;
				CLANG_WARN__DUPLICATE_METHOD_MATCH = YES;
				CODE_SIGN_IDENTITY = "iPhone Developer";
				COPY_PHASE_STRIP = NO;
				DEBUG_INFORMATION_FORMAT = "dwarf-with-dsym";
				ENABLE_NS_ASSERTIONS = NO;
				ENABLE_STRICT_OBJC_MSGSEND = YES;
				GCC_C_LANGUAGE_STANDARD = gnu11;
				GCC_NO_COMMON_BLOCKS = YES;
				GCC_WARN_64_TO_32_BIT_CONVERSION = YES;
				GCC_WARN_ABOUT_RETURN_TYPE = YES_ERROR;
				GCC_WARN_UNDECLARED_SELECTOR = YES;
				GCC_WARN_UNINITIALIZED_AUTOS = YES_AGGRESSIVE;
				GCC_WARN_UNUSED_FUNCTION = YES;
				GCC_WARN_UNUSED_VARIABLE = YES;
				IPHONEOS_DEPLOYMENT_TARGET = 12.1;
				MTL_ENABLE_DEBUG_INFO = NO;
				MTL_FAST_MATH = YES;
				SDKROOT = iphoneos;
				VALIDATE_PRODUCT = YES;
			};
			name = Release;
		};
		A90544E622C8DA4200396728 /* Debug */ = {
			isa = XCBuildConfiguration;
			baseConfigurationReference = EF1696955440402EA77BD836 /* Pods-Example.debug.xcconfig */;
			buildSettings = {
				ASSETCATALOG_COMPILER_APPICON_NAME = AppIcon;
				CODE_SIGN_STYLE = Automatic;
				INFOPLIST_FILE = Example/Info.plist;
				LD_RUNPATH_SEARCH_PATHS = (
					"$(inherited)",
					"@executable_path/Frameworks",
				);
				PRODUCT_BUNDLE_IDENTIFIER = com.bi.yong.Example;
				PRODUCT_NAME = "$(TARGET_NAME)";
				TARGETED_DEVICE_FAMILY = "1,2";
			};
			name = Debug;
		};
		A90544E722C8DA4200396728 /* Release */ = {
			isa = XCBuildConfiguration;
			baseConfigurationReference = 9B25BD41E6AC7B5890AB05D1 /* Pods-Example.release.xcconfig */;
			buildSettings = {
				ASSETCATALOG_COMPILER_APPICON_NAME = AppIcon;
				CODE_SIGN_STYLE = Automatic;
				INFOPLIST_FILE = Example/Info.plist;
				LD_RUNPATH_SEARCH_PATHS = (
					"$(inherited)",
					"@executable_path/Frameworks",
				);
				PRODUCT_BUNDLE_IDENTIFIER = com.bi.yong.Example;
				PRODUCT_NAME = "$(TARGET_NAME)";
				TARGETED_DEVICE_FAMILY = "1,2";
			};
			name = Release;
		};
		A90544E922C8DA4200396728 /* Debug */ = {
			isa = XCBuildConfiguration;
			buildSettings = {
				BUNDLE_LOADER = "$(TEST_HOST)";
				CODE_SIGN_STYLE = Automatic;
				INFOPLIST_FILE = ExampleTests/Info.plist;
				LD_RUNPATH_SEARCH_PATHS = (
					"$(inherited)",
					"@executable_path/Frameworks",
					"@loader_path/Frameworks",
				);
				PRODUCT_BUNDLE_IDENTIFIER = com.bi.yong.ExampleTests;
				PRODUCT_NAME = "$(TARGET_NAME)";
				TARGETED_DEVICE_FAMILY = "1,2";
				TEST_HOST = "$(BUILT_PRODUCTS_DIR)/Example.app/Example";
			};
			name = Debug;
		};
		A90544EA22C8DA4200396728 /* Release */ = {
			isa = XCBuildConfiguration;
			buildSettings = {
				BUNDLE_LOADER = "$(TEST_HOST)";
				CODE_SIGN_STYLE = Automatic;
				INFOPLIST_FILE = ExampleTests/Info.plist;
				LD_RUNPATH_SEARCH_PATHS = (
					"$(inherited)",
					"@executable_path/Frameworks",
					"@loader_path/Frameworks",
				);
				PRODUCT_BUNDLE_IDENTIFIER = com.bi.yong.ExampleTests;
				PRODUCT_NAME = "$(TARGET_NAME)";
				TARGETED_DEVICE_FAMILY = "1,2";
				TEST_HOST = "$(BUILT_PRODUCTS_DIR)/Example.app/Example";
			};
			name = Release;
		};
		A90544EC22C8DA4200396728 /* Debug */ = {
			isa = XCBuildConfiguration;
			buildSettings = {
				CODE_SIGN_STYLE = Automatic;
				INFOPLIST_FILE = ExampleUITests/Info.plist;
				LD_RUNPATH_SEARCH_PATHS = (
					"$(inherited)",
					"@executable_path/Frameworks",
					"@loader_path/Frameworks",
				);
				PRODUCT_BUNDLE_IDENTIFIER = com.bi.yong.ExampleUITests;
				PRODUCT_NAME = "$(TARGET_NAME)";
				TARGETED_DEVICE_FAMILY = "1,2";
				TEST_TARGET_NAME = Example;
			};
			name = Debug;
		};
		A90544ED22C8DA4200396728 /* Release */ = {
			isa = XCBuildConfiguration;
			buildSettings = {
				CODE_SIGN_STYLE = Automatic;
				INFOPLIST_FILE = ExampleUITests/Info.plist;
				LD_RUNPATH_SEARCH_PATHS = (
					"$(inherited)",
					"@executable_path/Frameworks",
					"@loader_path/Frameworks",
				);
				PRODUCT_BUNDLE_IDENTIFIER = com.bi.yong.ExampleUITests;
				PRODUCT_NAME = "$(TARGET_NAME)";
				TARGETED_DEVICE_FAMILY = "1,2";
				TEST_TARGET_NAME = Example;
			};
			name = Release;
		};
/* End XCBuildConfiguration section */

/* Begin XCConfigurationList section */
		A90544B422C8DA4000396728 /* Build configuration list for PBXProject "Example" */ = {
			isa = XCConfigurationList;
			buildConfigurations = (
				A90544E322C8DA4200396728 /* Debug */,
				A90544E422C8DA4200396728 /* Release */,
			);
			defaultConfigurationIsVisible = 0;
			defaultConfigurationName = Release;
		};
		A90544E522C8DA4200396728 /* Build configuration list for PBXNativeTarget "Example" */ = {
			isa = XCConfigurationList;
			buildConfigurations = (
				A90544E622C8DA4200396728 /* Debug */,
				A90544E722C8DA4200396728 /* Release */,
			);
			defaultConfigurationIsVisible = 0;
			defaultConfigurationName = Release;
		};
		A90544E822C8DA4200396728 /* Build configuration list for PBXNativeTarget "ExampleTests" */ = {
			isa = XCConfigurationList;
			buildConfigurations = (
				A90544E922C8DA4200396728 /* Debug */,
				A90544EA22C8DA4200396728 /* Release */,
			);
			defaultConfigurationIsVisible = 0;
			defaultConfigurationName = Release;
		};
		A90544EB22C8DA4200396728 /* Build configuration list for PBXNativeTarget "ExampleUITests" */ = {
			isa = XCConfigurationList;
			buildConfigurations = (
				A90544EC22C8DA4200396728 /* Debug */,
				A90544ED22C8DA4200396728 /* Release */,
			);
			defaultConfigurationIsVisible = 0;
			defaultConfigurationName = Release;
		};
/* End XCConfigurationList section */
	};
	rootObject = A90544B122C8DA4000396728 /* Project object */;
}
